
Microsoft Visual Studio Solution File, Format Version 12.00
# Visual Studio Version 16
VisualStudioVersion = 16.0.30907.101
MinimumVisualStudioVersion = 10.0.40219.1
Project("{FAE04EC0-301F-11D3-BF4B-00C04F79EFBC}") = "SalariosGenero", "SalariosGenero.csproj", "{FA25FC3E-8DB2-4CB2-9883-BE5D5B9245DA}"
EndProject
Global
	GlobalSection(SolutionConfigurationPlatforms) = preSolution
		Debug|Any CPU = Debug|Any CPU
		Release|Any CPU = Release|Any CPU
	EndGlobalSection
	GlobalSection(ProjectConfigurationPlatforms) = postSolution
		{FA25FC3E-8DB2-4CB2-9883-BE5D5B9245DA}.Debug|Any CPU.ActiveCfg = Debug|Any CPU
		{FA25FC3E-8DB2-4CB2-9883-BE5D5B9245DA}.Debug|Any CPU.Build.0 = Debug|Any CPU
		{FA25FC3E-8DB2-4CB2-9883-BE5D5B9245DA}.Release|Any CPU.ActiveCfg = Release|Any CPU
		{FA25FC3E-8DB2-4CB2-9883-BE5D5B9245DA}.Release|Any CPU.Build.0 = Release|Any CPU
	EndGlobalSection
	GlobalSection(SolutionProperties) = preSolution
		HideSolutionNode = FALSE
	EndGlobalSection
	GlobalSection(ExtensibilityGlobals) = postSolution
		SolutionGuid = {9F390469-0DBE-4C92-A143-4258709A51B1}
	EndGlobalSection
EndGlobal
